
Microsoft Visual Studio Solution File, Format Version 12.00
# Visual Studio 15
VisualStudioVersion = 15.0.28307.489
MinimumVisualStudioVersion = 10.0.40219.1
Project("{FAE04EC0-301F-11D3-BF4B-00C04F79EFBC}") = "Final Exercise", "Final Exercise\Final Exercise.csproj", "{064F55BF-E2D0-4B58-BD7F-DE414D0861E2}"
EndProject
Global
	GlobalSection(SolutionConfigurationPlatforms) = preSolution
		Debug|Any CPU = Debug|Any CPU
		Release|Any CPU = Release|Any CPU
	EndGlobalSection
	GlobalSection(ProjectConfigurationPlatforms) = postSolution
		{064F55BF-E2D0-4B58-BD7F-DE414D0861E2}.Debug|Any CPU.ActiveCfg = Debug|Any CPU
		{064F55BF-E2D0-4B58-BD7F-DE414D0861E2}.Debug|Any CPU.Build.0 = Debug|Any CPU
		{064F55BF-E2D0-4B58-BD7F-DE414D0861E2}.Release|Any CPU.ActiveCfg = Release|Any CPU
		{064F55BF-E2D0-4B58-BD7F-DE414D0861E2}.Release|Any CPU.Build.0 = Release|Any CPU
	EndGlobalSection
	GlobalSection(SolutionProperties) = preSolution
		HideSolutionNode = FALSE
	EndGlobalSection
	GlobalSection(ExtensibilityGlobals) = postSolution
		SolutionGuid = {0B761814-810B-49DF-8938-1ED0A7388AB3}
	EndGlobalSection
EndGlobal
